<?xml version="1.0" encoding="utf-8"?>
<Project ToolsVersion="4.0" xmlns="http://schemas.microsoft.com/developer/msbuild/2003">
  <ItemGroup>
    <ClInclude Include="GL.H">
      <Filter>Header Files</Filter>
    </ClInclude>
    <ClInclude Include="GLAux.h">
      <Filter>Header Files</Filter>
    </ClInclude>
    <ClInclude Include="GLOS.H">
      <Filter>Header Files</Filter>
    </ClInclude>
    <ClInclude Include="GLU.H">
      <Filter>Header Files</Filter>
    </ClInclude>
    <ClInclude Include="glui.h">
      <Filter>Header Files</Filter>
    </ClInclude>
    <ClInclude Include="glut.h">
      <Filter>Header Files</Filter>
    </ClInclude>
    <ClInclude Include="resource.h">
      <Filter>Header Files</Filter>
    </ClInclude>
  </ItemGroup>
  <ItemGroup>
    <CopyFileToFolders Include="dlls\glut32.dll">
      <Filter>dlls</Filter>
    </CopyFileToFolders>
    <CopyFileToFolders Include="dlls\opengl32.dll">
      <Filter>dlls</Filter>
    </CopyFileToFolders>
    <CopyFileToFolders Include="dlls\glu32.dll">
      <Filter>dlls</Filter>
    </CopyFileToFolders>
  </ItemGroup>
  <ItemGroup>
    <Filter Include="dlls">
      <UniqueIdentifier>{578069e2-1bab-48b8-9cfd-2032113151d0}</UniqueIdentifier>
    </Filter>
    <Filter Include="Header Files">
      <UniqueIdentifier>{9cef523e-dd02-4d76-8620-b4d450ccd8a7}</UniqueIdentifier>
    </Filter>
    <Filter Include="Source Files">
      <UniqueIdentifier>{730156e0-24b7-48cd-9d1d-606bf607ec14}</UniqueIdentifier>
    </Filter>
    <Filter Include="Resource Files">
      <UniqueIdentifier>{59a8f73f-1d3c-4f21-8744-f10fcedee915}</UniqueIdentifier>
    </Filter>
  </ItemGroup>
  <ItemGroup>
    <ClCompile Include="Train.cpp">
      <Filter>Source Files</Filter>
    </ClCompile>
  </ItemGroup>
  <ItemGroup>
    <ResourceCompile Include="Train.rc">
      <Filter>Source Files</Filter>
    </ResourceCompile>
  </ItemGroup>
  <ItemGroup>
    <Image Include="covor.bmp">
      <Filter>Resource Files</Filter>
    </Image>
    <Image Include="parchet.bmp">
      <Filter>Resource Files</Filter>
    </Image>
  </ItemGroup>
</Project>